
Microsoft Visual Studio Solution File, Format Version 12.00
# Visual Studio Version 17
VisualStudioVersion = 17.5.002.0
MinimumVisualStudioVersion = 10.0.40219.1
Project("{9A19103F-16F7-4668-BE54-9A1E7A4F7556}") = "DesafioFundamentos", "DesafioFundamentos\DesafioFundamentos.csproj", "{7E0EE0AF-9BB3-4459-8E67-9A5B78FED636}"
EndProject
Global
	GlobalSection(SolutionConfigurationPlatforms) = preSolution
		Debug|Any CPU = Debug|Any CPU
		Release|Any CPU = Release|Any CPU
	EndGlobalSection
	GlobalSection(ProjectConfigurationPlatforms) = postSolution
		{7E0EE0AF-9BB3-4459-8E67-9A5B78FED636}.Debug|Any CPU.ActiveCfg = Debug|Any CPU
		{7E0EE0AF-9BB3-4459-8E67-9A5B78FED636}.Debug|Any CPU.Build.0 = Debug|Any CPU
		{7E0EE0AF-9BB3-4459-8E67-9A5B78FED636}.Release|Any CPU.ActiveCfg = Release|Any CPU
		{7E0EE0AF-9BB3-4459-8E67-9A5B78FED636}.Release|Any CPU.Build.0 = Release|Any CPU
	EndGlobalSection
	GlobalSection(SolutionProperties) = preSolution
		HideSolutionNode = FALSE
	EndGlobalSection
	GlobalSection(ExtensibilityGlobals) = postSolution
		SolutionGuid = {BFBD4A73-EF43-459C-AEB4-59D9DAA9DA9B}
	EndGlobalSection
EndGlobal
